
Microsoft Visual Studio Solution File, Format Version 12.00
# Visual Studio Version 17
VisualStudioVersion = 17.5.33530.505
MinimumVisualStudioVersion = 10.0.40219.1
Project("{FAE04EC0-301F-11D3-BF4B-00C04F79EFBC}") = "Week15OOPAndFiles", "Week15OOPAndFiles\Week15OOPAndFiles.csproj", "{0FE8A662-1B39-411B-99B0-A1C4F7BA173A}"
EndProject
Project("{FAE04EC0-301F-11D3-BF4B-00C04F79EFBC}") = "Test", "Test\Test.csproj", "{B9349B79-5E3D-49B7-9C28-9141F01D76FD}"
EndProject
Project("{FAE04EC0-301F-11D3-BF4B-00C04F79EFBC}") = "Test2", "Test2\Test2.csproj", "{5B51E3CB-B568-451A-8F5E-9981532993B9}"
EndProject
Global
	GlobalSection(SolutionConfigurationPlatforms) = preSolution
		Debug|Any CPU = Debug|Any CPU
		Release|Any CPU = Release|Any CPU
	EndGlobalSection
	GlobalSection(ProjectConfigurationPlatforms) = postSolution
		{0FE8A662-1B39-411B-99B0-A1C4F7BA173A}.Debug|Any CPU.ActiveCfg = Debug|Any CPU
		{0FE8A662-1B39-411B-99B0-A1C4F7BA173A}.Debug|Any CPU.Build.0 = Debug|Any CPU
		{0FE8A662-1B39-411B-99B0-A1C4F7BA173A}.Release|Any CPU.ActiveCfg = Release|Any CPU
		{0FE8A662-1B39-411B-99B0-A1C4F7BA173A}.Release|Any CPU.Build.0 = Release|Any CPU
		{B9349B79-5E3D-49B7-9C28-9141F01D76FD}.Debug|Any CPU.ActiveCfg = Debug|Any CPU
		{B9349B79-5E3D-49B7-9C28-9141F01D76FD}.Debug|Any CPU.Build.0 = Debug|Any CPU
		{B9349B79-5E3D-49B7-9C28-9141F01D76FD}.Release|Any CPU.ActiveCfg = Release|Any CPU
		{B9349B79-5E3D-49B7-9C28-9141F01D76FD}.Release|Any CPU.Build.0 = Release|Any CPU
		{5B51E3CB-B568-451A-8F5E-9981532993B9}.Debug|Any CPU.ActiveCfg = Debug|Any CPU
		{5B51E3CB-B568-451A-8F5E-9981532993B9}.Debug|Any CPU.Build.0 = Debug|Any CPU
		{5B51E3CB-B568-451A-8F5E-9981532993B9}.Release|Any CPU.ActiveCfg = Release|Any CPU
		{5B51E3CB-B568-451A-8F5E-9981532993B9}.Release|Any CPU.Build.0 = Release|Any CPU
	EndGlobalSection
	GlobalSection(SolutionProperties) = preSolution
		HideSolutionNode = FALSE
	EndGlobalSection
	GlobalSection(ExtensibilityGlobals) = postSolution
		SolutionGuid = {D51DBFFE-3164-4F5C-A147-92F75966A445}
	EndGlobalSection
EndGlobal
